// !$*UTF8*$!
{
	archiveVersion = 1;
	classes = {
	};
	objectVersion = 56;
	objects = {

/* Begin PBXBuildFile section */
		395D7CF629425EF500841635 /* BigBangFansApp.swift in Sources */ = {isa = PBXBuildFile; fileRef = 395D7CF529425EF500841635 /* BigBangFansApp.swift */; };
		395D7CF829425EF500841635 /* SeasonsView.swift in Sources */ = {isa = PBXBuildFile; fileRef = 395D7CF729425EF500841635 /* SeasonsView.swift */; };
		395D7CFA29425EF700841635 /* Assets.xcassets in Resources */ = {isa = PBXBuildFile; fileRef = 395D7CF929425EF700841635 /* Assets.xcassets */; };
		395D7CFD29425EF700841635 /* Preview Assets.xcassets in Resources */ = {isa = PBXBuildFile; fileRef = 395D7CFC29425EF700841635 /* Preview Assets.xcassets */; };
		395D7D09294260F700841635 /* BigBang.json in Resources */ = {isa = PBXBuildFile; fileRef = 395D7D08294260F700841635 /* BigBang.json */; };
		395D7D122942631700841635 /* Episode.swift in Sources */ = {isa = PBXBuildFile; fileRef = 395D7D112942631700841635 /* Episode.swift */; };
		395D7D14294263BC00841635 /* ModelPersistence.swift in Sources */ = {isa = PBXBuildFile; fileRef = 395D7D13294263BC00841635 /* ModelPersistence.swift */; };
		395D7D162942643D00841635 /* MainViewModel.swift in Sources */ = {isa = PBXBuildFile; fileRef = 395D7D152942643C00841635 /* MainViewModel.swift */; };
		395D7D1A2942743700841635 /* Season.swift in Sources */ = {isa = PBXBuildFile; fileRef = 395D7D192942743700841635 /* Season.swift */; };
		395D7D1C29428CAE00841635 /* ExpandableView.swift in Sources */ = {isa = PBXBuildFile; fileRef = 395D7D1B29428CAE00841635 /* ExpandableView.swift */; };
		395D7D1E2943C7DE00841635 /* DetailsView.swift in Sources */ = {isa = PBXBuildFile; fileRef = 395D7D1D2943C7DE00841635 /* DetailsView.swift */; };
		396D71352944D0CA00436E27 /* FavoritesView.swift in Sources */ = {isa = PBXBuildFile; fileRef = 396D71342944D0CA00436E27 /* FavoritesView.swift */; };
		396D71392944D10900436E27 /* BigBangTabView.swift in Sources */ = {isa = PBXBuildFile; fileRef = 396D71382944D10900436E27 /* BigBangTabView.swift */; };
/* End PBXBuildFile section */

/* Begin PBXFileReference section */
		395D7CF229425EF500841635 /* BigBangFans.app */ = {isa = PBXFileReference; explicitFileType = wrapper.application; includeInIndex = 0; path = BigBangFans.app; sourceTree = BUILT_PRODUCTS_DIR; };
		395D7CF529425EF500841635 /* BigBangFansApp.swift */ = {isa = PBXFileReference; lastKnownFileType = sourcecode.swift; path = BigBangFansApp.swift; sourceTree = "<group>"; };
		395D7CF729425EF500841635 /* SeasonsView.swift */ = {isa = PBXFileReference; lastKnownFileType = sourcecode.swift; path = SeasonsView.swift; sourceTree = "<group>"; };
		395D7CF929425EF700841635 /* Assets.xcassets */ = {isa = PBXFileReference; lastKnownFileType = folder.assetcatalog; path = Assets.xcassets; sourceTree = "<group>"; };
		395D7CFC29425EF700841635 /* Preview Assets.xcassets */ = {isa = PBXFileReference; lastKnownFileType = folder.assetcatalog; path = "Preview Assets.xcassets"; sourceTree = "<group>"; };
		395D7D08294260F700841635 /* BigBang.json */ = {isa = PBXFileReference; fileEncoding = 4; lastKnownFileType = text.json; path = BigBang.json; sourceTree = "<group>"; };
		395D7D112942631700841635 /* Episode.swift */ = {isa = PBXFileReference; lastKnownFileType = sourcecode.swift; path = Episode.swift; sourceTree = "<group>"; };
		395D7D13294263BC00841635 /* ModelPersistence.swift */ = {isa = PBXFileReference; lastKnownFileType = sourcecode.swift; path = ModelPersistence.swift; sourceTree = "<group>"; };
		395D7D152942643C00841635 /* MainViewModel.swift */ = {isa = PBXFileReference; lastKnownFileType = sourcecode.swift; path = MainViewModel.swift; sourceTree = "<group>"; };
		395D7D192942743700841635 /* Season.swift */ = {isa = PBXFileReference; lastKnownFileType = sourcecode.swift; path = Season.swift; sourceTree = "<group>"; };
		395D7D1B29428CAE00841635 /* ExpandableView.swift */ = {isa = PBXFileReference; lastKnownFileType = sourcecode.swift; path = ExpandableView.swift; sourceTree = "<group>"; };
		395D7D1D2943C7DE00841635 /* DetailsView.swift */ = {isa = PBXFileReference; lastKnownFileType = sourcecode.swift; path = DetailsView.swift; sourceTree = "<group>"; };
		396D71342944D0CA00436E27 /* FavoritesView.swift */ = {isa = PBXFileReference; lastKnownFileType = sourcecode.swift; path = FavoritesView.swift; sourceTree = "<group>"; };
		396D71382944D10900436E27 /* BigBangTabView.swift */ = {isa = PBXFileReference; lastKnownFileType = sourcecode.swift; path = BigBangTabView.swift; sourceTree = "<group>"; };
/* End PBXFileReference section */

/* Begin PBXFrameworksBuildPhase section */
		395D7CEF29425EF500841635 /* Frameworks */ = {
			isa = PBXFrameworksBuildPhase;
			buildActionMask = 2147483647;
			files = (
			);
			runOnlyForDeploymentPostprocessing = 0;
		};
/* End PBXFrameworksBuildPhase section */

/* Begin PBXGroup section */
		395D7CE929425EF500841635 = {
			isa = PBXGroup;
			children = (
				395D7CF429425EF500841635 /* BigBangFans */,
				395D7CF329425EF500841635 /* Products */,
			);
			sourceTree = "<group>";
		};
		395D7CF329425EF500841635 /* Products */ = {
			isa = PBXGroup;
			children = (
				395D7CF229425EF500841635 /* BigBangFans.app */,
			);
			name = Products;
			sourceTree = "<group>";
		};
		395D7CF429425EF500841635 /* BigBangFans */ = {
			isa = PBXGroup;
			children = (
				395D7D0B2942618E00841635 /* Modules */,
				395D7D10294262B700841635 /* Models */,
				395D7D07294260BD00841635 /* Resources */,
				395D7D0A2942611400841635 /* System */,
				395D7CFB29425EF700841635 /* Preview Content */,
			);
			path = BigBangFans;
			sourceTree = "<group>";
		};
		395D7CFB29425EF700841635 /* Preview Content */ = {
			isa = PBXGroup;
			children = (
				395D7CFC29425EF700841635 /* Preview Assets.xcassets */,
			);
			path = "Preview Content";
			sourceTree = "<group>";
		};
		395D7D07294260BD00841635 /* Resources */ = {
			isa = PBXGroup;
			children = (
				395D7D08294260F700841635 /* BigBang.json */,
			);
			path = Resources;
			sourceTree = "<group>";
		};
		395D7D0A2942611400841635 /* System */ = {
			isa = PBXGroup;
			children = (
				395D7CF529425EF500841635 /* BigBangFansApp.swift */,
				395D7CF929425EF700841635 /* Assets.xcassets */,
			);
			path = System;
			sourceTree = "<group>";
		};
		395D7D0B2942618E00841635 /* Modules */ = {
			isa = PBXGroup;
			children = (
				396D713A2944D28B00436E27 /* Common */,
				396D71362944D0EA00436E27 /* Tab */,
				396D71322944D0B300436E27 /* Favorites */,
				396D71302944D08300436E27 /* Details */,
				396D712C2944D04400436E27 /* Seasons */,
			);
			path = Modules;
			sourceTree = "<group>";
		};
		395D7D10294262B700841635 /* Models */ = {
			isa = PBXGroup;
			children = (
				395D7D112942631700841635 /* Episode.swift */,
				395D7D192942743700841635 /* Season.swift */,
				395D7D13294263BC00841635 /* ModelPersistence.swift */,
			);
			path = Models;
			sourceTree = "<group>";
		};
		396D712C2944D04400436E27 /* Seasons */ = {
			isa = PBXGroup;
			children = (
				396D712D2944D05A00436E27 /* View */,
			);
			path = Seasons;
			sourceTree = "<group>";
		};
		396D712D2944D05A00436E27 /* View */ = {
			isa = PBXGroup;
			children = (
				395D7CF729425EF500841635 /* SeasonsView.swift */,
			);
			path = View;
			sourceTree = "<group>";
		};
		396D71302944D08300436E27 /* Details */ = {
			isa = PBXGroup;
			children = (
				396D71312944D08900436E27 /* View */,
			);
			path = Details;
			sourceTree = "<group>";
		};
		396D71312944D08900436E27 /* View */ = {
			isa = PBXGroup;
			children = (
				395D7D1D2943C7DE00841635 /* DetailsView.swift */,
			);
			path = View;
			sourceTree = "<group>";
		};
		396D71322944D0B300436E27 /* Favorites */ = {
			isa = PBXGroup;
			children = (
				396D71332944D0B900436E27 /* View */,
			);
			path = Favorites;
			sourceTree = "<group>";
		};
		396D71332944D0B900436E27 /* View */ = {
			isa = PBXGroup;
			children = (
				396D71342944D0CA00436E27 /* FavoritesView.swift */,
			);
			path = View;
			sourceTree = "<group>";
		};
		396D71362944D0EA00436E27 /* Tab */ = {
			isa = PBXGroup;
			children = (
				396D71372944D0F200436E27 /* View */,
			);
			path = Tab;
			sourceTree = "<group>";
		};
		396D71372944D0F200436E27 /* View */ = {
			isa = PBXGroup;
			children = (
				396D71382944D10900436E27 /* BigBangTabView.swift */,
			);
			path = View;
			sourceTree = "<group>";
		};
		396D713A2944D28B00436E27 /* Common */ = {
			isa = PBXGroup;
			children = (
				396D713C2944D30200436E27 /* ViewComponents */,
				396D713B2944D29100436E27 /* ViewModels */,
			);
			path = Common;
			sourceTree = "<group>";
		};
		396D713B2944D29100436E27 /* ViewModels */ = {
			isa = PBXGroup;
			children = (
				395D7D152942643C00841635 /* MainViewModel.swift */,
			);
			path = ViewModels;
			sourceTree = "<group>";
		};
		396D713C2944D30200436E27 /* ViewComponents */ = {
			isa = PBXGroup;
			children = (
				395D7D1B29428CAE00841635 /* ExpandableView.swift */,
			);
			path = ViewComponents;
			sourceTree = "<group>";
		};
/* End PBXGroup section */

/* Begin PBXNativeTarget section */
		395D7CF129425EF500841635 /* BigBangFans */ = {
			isa = PBXNativeTarget;
			buildConfigurationList = 395D7D0029425EF700841635 /* Build configuration list for PBXNativeTarget "BigBangFans" */;
			buildPhases = (
				395D7CEE29425EF500841635 /* Sources */,
				395D7CEF29425EF500841635 /* Frameworks */,
				395D7CF029425EF500841635 /* Resources */,
			);
			buildRules = (
			);
			dependencies = (
			);
			name = BigBangFans;
			productName = BigBangFans;
			productReference = 395D7CF229425EF500841635 /* BigBangFans.app */;
			productType = "com.apple.product-type.application";
		};
/* End PBXNativeTarget section */

/* Begin PBXProject section */
		395D7CEA29425EF500841635 /* Project object */ = {
			isa = PBXProject;
			attributes = {
				BuildIndependentTargetsInParallel = 1;
				LastSwiftUpdateCheck = 1400;
				LastUpgradeCheck = 1400;
				TargetAttributes = {
					395D7CF129425EF500841635 = {
						CreatedOnToolsVersion = 14.0.1;
					};
				};
			};
			buildConfigurationList = 395D7CED29425EF500841635 /* Build configuration list for PBXProject "BigBangFans" */;
			compatibilityVersion = "Xcode 14.0";
			developmentRegion = en;
			hasScannedForEncodings = 0;
			knownRegions = (
				en,
				Base,
			);
			mainGroup = 395D7CE929425EF500841635;
			productRefGroup = 395D7CF329425EF500841635 /* Products */;
			projectDirPath = "";
			projectRoot = "";
			targets = (
				395D7CF129425EF500841635 /* BigBangFans */,
			);
		};
/* End PBXProject section */

/* Begin PBXResourcesBuildPhase section */
		395D7CF029425EF500841635 /* Resources */ = {
			isa = PBXResourcesBuildPhase;
			buildActionMask = 2147483647;
			files = (
				395D7CFD29425EF700841635 /* Preview Assets.xcassets in Resources */,
				395D7D09294260F700841635 /* BigBang.json in Resources */,
				395D7CFA29425EF700841635 /* Assets.xcassets in Resources */,
			);
			runOnlyForDeploymentPostprocessing = 0;
		};
/* End PBXResourcesBuildPhase section */

/* Begin PBXSourcesBuildPhase section */
		395D7CEE29425EF500841635 /* Sources */ = {
			isa = PBXSourcesBuildPhase;
			buildActionMask = 2147483647;
			files = (
				396D71392944D10900436E27 /* BigBangTabView.swift in Sources */,
				395D7D162942643D00841635 /* MainViewModel.swift in Sources */,
				395D7CF829425EF500841635 /* SeasonsView.swift in Sources */,
				395D7D122942631700841635 /* Episode.swift in Sources */,
				395D7CF629425EF500841635 /* BigBangFansApp.swift in Sources */,
				395D7D1A2942743700841635 /* Season.swift in Sources */,
				395D7D1E2943C7DE00841635 /* DetailsView.swift in Sources */,
				395D7D14294263BC00841635 /* ModelPersistence.swift in Sources */,
				396D71352944D0CA00436E27 /* FavoritesView.swift in Sources */,
				395D7D1C29428CAE00841635 /* ExpandableView.swift in Sources */,
			);
			runOnlyForDeploymentPostprocessing = 0;
		};
/* End PBXSourcesBuildPhase section */

/* Begin XCBuildConfiguration section */
		395D7CFE29425EF700841635 /* Debug */ = {
			isa = XCBuildConfiguration;
			buildSettings = {
				ALWAYS_SEARCH_USER_PATHS = NO;
				CLANG_ANALYZER_NONNULL = YES;
				CLANG_ANALYZER_NUMBER_OBJECT_CONVERSION = YES_AGGRESSIVE;
				CLANG_CXX_LANGUAGE_STANDARD = "gnu++20";
				CLANG_ENABLE_MODULES = YES;
				CLANG_ENABLE_OBJC_ARC = YES;
				CLANG_ENABLE_OBJC_WEAK = YES;
				CLANG_WARN_BLOCK_CAPTURE_AUTORELEASING = YES;
				CLANG_WARN_BOOL_CONVERSION = YES;
				CLANG_WARN_COMMA = YES;
				CLANG_WARN_CONSTANT_CONVERSION = YES;
				CLANG_WARN_DEPRECATED_OBJC_IMPLEMENTATIONS = YES;
				CLANG_WARN_DIRECT_OBJC_ISA_USAGE = YES_ERROR;
				CLANG_WARN_DOCUMENTATION_COMMENTS = YES;
				CLANG_WARN_EMPTY_BODY = YES;
				CLANG_WARN_ENUM_CONVERSION = YES;
				CLANG_WARN_INFINITE_RECURSION = YES;
				CLANG_WARN_INT_CONVERSION = YES;
				CLANG_WARN_NON_LITERAL_NULL_CONVERSION = YES;
				CLANG_WARN_OBJC_IMPLICIT_RETAIN_SELF = YES;
				CLANG_WARN_OBJC_LITERAL_CONVERSION = YES;
				CLANG_WARN_OBJC_ROOT_CLASS = YES_ERROR;
				CLANG_WARN_QUOTED_INCLUDE_IN_FRAMEWORK_HEADER = YES;
				CLANG_WARN_RANGE_LOOP_ANALYSIS = YES;
				CLANG_WARN_STRICT_PROTOTYPES = YES;
				CLANG_WARN_SUSPICIOUS_MOVE = YES;
				CLANG_WARN_UNGUARDED_AVAILABILITY = YES_AGGRESSIVE;
				CLANG_WARN_UNREACHABLE_CODE = YES;
				CLANG_WARN__DUPLICATE_METHOD_MATCH = YES;
				COPY_PHASE_STRIP = NO;
				DEBUG_INFORMATION_FORMAT = dwarf;
				ENABLE_STRICT_OBJC_MSGSEND = YES;
				ENABLE_TESTABILITY = YES;
				GCC_C_LANGUAGE_STANDARD = gnu11;
				GCC_DYNAMIC_NO_PIC = NO;
				GCC_NO_COMMON_BLOCKS = YES;
				GCC_OPTIMIZATION_LEVEL = 0;
				GCC_PREPROCESSOR_DEFINITIONS = (
					"DEBUG=1",
					"$(inherited)",
				);
				GCC_WARN_64_TO_32_BIT_CONVERSION = YES;
				GCC_WARN_ABOUT_RETURN_TYPE = YES_ERROR;
				GCC_WARN_UNDECLARED_SELECTOR = YES;
				GCC_WARN_UNINITIALIZED_AUTOS = YES_AGGRESSIVE;
				GCC_WARN_UNUSED_FUNCTION = YES;
				GCC_WARN_UNUSED_VARIABLE = YES;
				IPHONEOS_DEPLOYMENT_TARGET = 16.0;
				MTL_ENABLE_DEBUG_INFO = INCLUDE_SOURCE;
				MTL_FAST_MATH = YES;
				ONLY_ACTIVE_ARCH = YES;
				SDKROOT = iphoneos;
				SWIFT_ACTIVE_COMPILATION_CONDITIONS = DEBUG;
				SWIFT_OPTIMIZATION_LEVEL = "-Onone";
			};
			name = Debug;
		};
		395D7CFF29425EF700841635 /* Release */ = {
			isa = XCBuildConfiguration;
			buildSettings = {
				ALWAYS_SEARCH_USER_PATHS = NO;
				CLANG_ANALYZER_NONNULL = YES;
				CLANG_ANALYZER_NUMBER_OBJECT_CONVERSION = YES_AGGRESSIVE;
				CLANG_CXX_LANGUAGE_STANDARD = "gnu++20";
				CLANG_ENABLE_MODULES = YES;
				CLANG_ENABLE_OBJC_ARC = YES;
				CLANG_ENABLE_OBJC_WEAK = YES;
				CLANG_WARN_BLOCK_CAPTURE_AUTORELEASING = YES;
				CLANG_WARN_BOOL_CONVERSION = YES;
				CLANG_WARN_COMMA = YES;
				CLANG_WARN_CONSTANT_CONVERSION = YES;
				CLANG_WARN_DEPRECATED_OBJC_IMPLEMENTATIONS = YES;
				CLANG_WARN_DIRECT_OBJC_ISA_USAGE = YES_ERROR;
				CLANG_WARN_DOCUMENTATION_COMMENTS = YES;
				CLANG_WARN_EMPTY_BODY = YES;
				CLANG_WARN_ENUM_CONVERSION = YES;
				CLANG_WARN_INFINITE_RECURSION = YES;
				CLANG_WARN_INT_CONVERSION = YES;
				CLANG_WARN_NON_LITERAL_NULL_CONVERSION = YES;
				CLANG_WARN_OBJC_IMPLICIT_RETAIN_SELF = YES;
				CLANG_WARN_OBJC_LITERAL_CONVERSION = YES;
				CLANG_WARN_OBJC_ROOT_CLASS = YES_ERROR;
				CLANG_WARN_QUOTED_INCLUDE_IN_FRAMEWORK_HEADER = YES;
				CLANG_WARN_RANGE_LOOP_ANALYSIS = YES;
				CLANG_WARN_STRICT_PROTOTYPES = YES;
				CLANG_WARN_SUSPICIOUS_MOVE = YES;
				CLANG_WARN_UNGUARDED_AVAILABILITY = YES_AGGRESSIVE;
				CLANG_WARN_UNREACHABLE_CODE = YES;
				CLANG_WARN__DUPLICATE_METHOD_MATCH = YES;
				COPY_PHASE_STRIP = NO;
				DEBUG_INFORMATION_FORMAT = "dwarf-with-dsym";
				ENABLE_NS_ASSERTIONS = NO;
				ENABLE_STRICT_OBJC_MSGSEND = YES;
				GCC_C_LANGUAGE_STANDARD = gnu11;
				GCC_NO_COMMON_BLOCKS = YES;
				GCC_WARN_64_TO_32_BIT_CONVERSION = YES;
				GCC_WARN_ABOUT_RETURN_TYPE = YES_ERROR;
				GCC_WARN_UNDECLARED_SELECTOR = YES;
				GCC_WARN_UNINITIALIZED_AUTOS = YES_AGGRESSIVE;
				GCC_WARN_UNUSED_FUNCTION = YES;
				GCC_WARN_UNUSED_VARIABLE = YES;
				IPHONEOS_DEPLOYMENT_TARGET = 16.0;
				MTL_ENABLE_DEBUG_INFO = NO;
				MTL_FAST_MATH = YES;
				SDKROOT = iphoneos;
				SWIFT_COMPILATION_MODE = wholemodule;
				SWIFT_OPTIMIZATION_LEVEL = "-O";
				VALIDATE_PRODUCT = YES;
			};
			name = Release;
		};
		395D7D0129425EF700841635 /* Debug */ = {
			isa = XCBuildConfiguration;
			buildSettings = {
				ASSETCATALOG_COMPILER_APPICON_NAME = AppIcon;
				ASSETCATALOG_COMPILER_GLOBAL_ACCENT_COLOR_NAME = AccentColor;
				CODE_SIGN_STYLE = Automatic;
				CURRENT_PROJECT_VERSION = 1;
				DEVELOPMENT_ASSET_PATHS = "\"BigBangFans/Preview Content\"";
				DEVELOPMENT_TEAM = 3A83R6647Z;
				ENABLE_PREVIEWS = YES;
				GENERATE_INFOPLIST_FILE = YES;
				INFOPLIST_KEY_UIApplicationSceneManifest_Generation = YES;
				INFOPLIST_KEY_UIApplicationSupportsIndirectInputEvents = YES;
				INFOPLIST_KEY_UILaunchScreen_Generation = YES;
				INFOPLIST_KEY_UISupportedInterfaceOrientations_iPad = "UIInterfaceOrientationPortrait UIInterfaceOrientationPortraitUpsideDown UIInterfaceOrientationLandscapeLeft UIInterfaceOrientationLandscapeRight";
				INFOPLIST_KEY_UISupportedInterfaceOrientations_iPhone = "UIInterfaceOrientationPortrait UIInterfaceOrientationLandscapeLeft UIInterfaceOrientationLandscapeRight";
				LD_RUNPATH_SEARCH_PATHS = (
					"$(inherited)",
					"@executable_path/Frameworks",
				);
				MARKETING_VERSION = 1.0;
				PRODUCT_BUNDLE_IDENTIFIER = com.joyce.tests.BigBangFans;
				PRODUCT_NAME = "$(TARGET_NAME)";
				SWIFT_EMIT_LOC_STRINGS = YES;
				SWIFT_VERSION = 5.0;
				TARGETED_DEVICE_FAMILY = "1,2";
			};
			name = Debug;
		};
		395D7D0229425EF700841635 /* Release */ = {
			isa = XCBuildConfiguration;
			buildSettings = {
				ASSETCATALOG_COMPILER_APPICON_NAME = AppIcon;
				ASSETCATALOG_COMPILER_GLOBAL_ACCENT_COLOR_NAME = AccentColor;
				CODE_SIGN_STYLE = Automatic;
				CURRENT_PROJECT_VERSION = 1;
				DEVELOPMENT_ASSET_PATHS = "\"BigBangFans/Preview Content\"";
				DEVELOPMENT_TEAM = 3A83R6647Z;
				ENABLE_PREVIEWS = YES;
				GENERATE_INFOPLIST_FILE = YES;
				INFOPLIST_KEY_UIApplicationSceneManifest_Generation = YES;
				INFOPLIST_KEY_UIApplicationSupportsIndirectInputEvents = YES;
				INFOPLIST_KEY_UILaunchScreen_Generation = YES;
				INFOPLIST_KEY_UISupportedInterfaceOrientations_iPad = "UIInterfaceOrientationPortrait UIInterfaceOrientationPortraitUpsideDown UIInterfaceOrientationLandscapeLeft UIInterfaceOrientationLandscapeRight";
				INFOPLIST_KEY_UISupportedInterfaceOrientations_iPhone = "UIInterfaceOrientationPortrait UIInterfaceOrientationLandscapeLeft UIInterfaceOrientationLandscapeRight";
				LD_RUNPATH_SEARCH_PATHS = (
					"$(inherited)",
					"@executable_path/Frameworks",
				);
				MARKETING_VERSION = 1.0;
				PRODUCT_BUNDLE_IDENTIFIER = com.joyce.tests.BigBangFans;
				PRODUCT_NAME = "$(TARGET_NAME)";
				SWIFT_EMIT_LOC_STRINGS = YES;
				SWIFT_VERSION = 5.0;
				TARGETED_DEVICE_FAMILY = "1,2";
			};
			name = Release;
		};
/* End XCBuildConfiguration section */

/* Begin XCConfigurationList section */
		395D7CED29425EF500841635 /* Build configuration list for PBXProject "BigBangFans" */ = {
			isa = XCConfigurationList;
			buildConfigurations = (
				395D7CFE29425EF700841635 /* Debug */,
				395D7CFF29425EF700841635 /* Release */,
			);
			defaultConfigurationIsVisible = 0;
			defaultConfigurationName = Release;
		};
		395D7D0029425EF700841635 /* Build configuration list for PBXNativeTarget "BigBangFans" */ = {
			isa = XCConfigurationList;
			buildConfigurations = (
				395D7D0129425EF700841635 /* Debug */,
				395D7D0229425EF700841635 /* Release */,
			);
			defaultConfigurationIsVisible = 0;
			defaultConfigurationName = Release;
		};
/* End XCConfigurationList section */
	};
	rootObject = 395D7CEA29425EF500841635 /* Project object */;
}
